// !$*UTF8*$!
{
	archiveVersion = 1;
	classes = {
	};
	objectVersion = 46;
	objects = {

/* Begin PBXBuildFile section */
		291F7BA91D40E70A0024374A /* AppDelegate.swift in Sources */ = {isa = PBXBuildFile; fileRef = 291F7BA11D40E70A0024374A /* AppDelegate.swift */; };
		291F7BAA1D40E70A0024374A /* Assets.xcassets in Resources */ = {isa = PBXBuildFile; fileRef = 291F7BA21D40E70A0024374A /* Assets.xcassets */; };
		291F7BAB1D40E70A0024374A /* LaunchScreen.storyboard in Resources */ = {isa = PBXBuildFile; fileRef = 291F7BA31D40E70A0024374A /* LaunchScreen.storyboard */; };
		291F7BAC1D40E70A0024374A /* Main.storyboard in Resources */ = {isa = PBXBuildFile; fileRef = 291F7BA51D40E70A0024374A /* Main.storyboard */; };
		291F7BAD1D40E70A0024374A /* Info.plist in Resources */ = {isa = PBXBuildFile; fileRef = 291F7BA71D40E70A0024374A /* Info.plist */; };
		291F7BB01D40E76A0024374A /* ViewController.swift in Sources */ = {isa = PBXBuildFile; fileRef = 291F7BAF1D40E76A0024374A /* ViewController.swift */; };
		291F7BCD1D40E7FE0024374A /* ScrollingFollowView.swift in Sources */ = {isa = PBXBuildFile; fileRef = 291F7BCC1D40E7FE0024374A /* ScrollingFollowView.swift */; };
/* End PBXBuildFile section */

/* Begin PBXFileReference section */
		291F7B8C1D40E6DB0024374A /* Demo.app */ = {isa = PBXFileReference; explicitFileType = wrapper.application; includeInIndex = 0; path = Demo.app; sourceTree = BUILT_PRODUCTS_DIR; };
		291F7BA11D40E70A0024374A /* AppDelegate.swift */ = {isa = PBXFileReference; fileEncoding = 4; lastKnownFileType = sourcecode.swift; path = AppDelegate.swift; sourceTree = "<group>"; };
		291F7BA21D40E70A0024374A /* Assets.xcassets */ = {isa = PBXFileReference; lastKnownFileType = folder.assetcatalog; path = Assets.xcassets; sourceTree = "<group>"; };
		291F7BA41D40E70A0024374A /* Base */ = {isa = PBXFileReference; lastKnownFileType = file.storyboard; name = Base; path = Base.lproj/LaunchScreen.storyboard; sourceTree = "<group>"; };
		291F7BA61D40E70A0024374A /* Base */ = {isa = PBXFileReference; lastKnownFileType = file.storyboard; name = Base; path = Base.lproj/Main.storyboard; sourceTree = "<group>"; };
		291F7BA71D40E70A0024374A /* Info.plist */ = {isa = PBXFileReference; fileEncoding = 4; lastKnownFileType = text.plist.xml; path = Info.plist; sourceTree = "<group>"; };
		291F7BAF1D40E76A0024374A /* ViewController.swift */ = {isa = PBXFileReference; fileEncoding = 4; lastKnownFileType = sourcecode.swift; path = ViewController.swift; sourceTree = "<group>"; };
		291F7BCC1D40E7FE0024374A /* ScrollingFollowView.swift */ = {isa = PBXFileReference; fileEncoding = 4; lastKnownFileType = sourcecode.swift; name = ScrollingFollowView.swift; path = ../../../ScrollingFollowView/ScrollingFollowView.swift; sourceTree = "<group>"; };
/* End PBXFileReference section */

/* Begin PBXFrameworksBuildPhase section */
		291F7B891D40E6DB0024374A /* Frameworks */ = {
			isa = PBXFrameworksBuildPhase;
			buildActionMask = 2147483647;
			files = (
			);
			runOnlyForDeploymentPostprocessing = 0;
		};
/* End PBXFrameworksBuildPhase section */

/* Begin PBXGroup section */
		291F7B831D40E6DB0024374A = {
			isa = PBXGroup;
			children = (
				291F7B8E1D40E6DB0024374A /* Demo */,
				291F7B8D1D40E6DB0024374A /* Products */,
			);
			sourceTree = "<group>";
		};
		291F7B8D1D40E6DB0024374A /* Products */ = {
			isa = PBXGroup;
			children = (
				291F7B8C1D40E6DB0024374A /* Demo.app */,
			);
			name = Products;
			sourceTree = "<group>";
		};
		291F7B8E1D40E6DB0024374A /* Demo */ = {
			isa = PBXGroup;
			children = (
				291F7BA11D40E70A0024374A /* AppDelegate.swift */,
				291F7BAF1D40E76A0024374A /* ViewController.swift */,
				291F7BCC1D40E7FE0024374A /* ScrollingFollowView.swift */,
				291F7BA21D40E70A0024374A /* Assets.xcassets */,
				291F7BA31D40E70A0024374A /* LaunchScreen.storyboard */,
				291F7BA51D40E70A0024374A /* Main.storyboard */,
				291F7BA71D40E70A0024374A /* Info.plist */,
			);
			path = Demo;
			sourceTree = "<group>";
		};
/* End PBXGroup section */

/* Begin PBXNativeTarget section */
		291F7B8B1D40E6DB0024374A /* Demo */ = {
			isa = PBXNativeTarget;
			buildConfigurationList = 291F7B9E1D40E6DB0024374A /* Build configuration list for PBXNativeTarget "Demo" */;
			buildPhases = (
				291F7B881D40E6DB0024374A /* Sources */,
				291F7B891D40E6DB0024374A /* Frameworks */,
				291F7B8A1D40E6DB0024374A /* Resources */,
			);
			buildRules = (
			);
			dependencies = (
			);
			name = Demo;
			productName = Demo;
			productReference = 291F7B8C1D40E6DB0024374A /* Demo.app */;
			productType = "com.apple.product-type.application";
		};
/* End PBXNativeTarget section */

/* Begin PBXProject section */
		291F7B841D40E6DB0024374A /* Project object */ = {
			isa = PBXProject;
			attributes = {
				LastSwiftUpdateCheck = 0730;
				LastUpgradeCheck = 0730;
				ORGANIZATIONNAME = "田中賢治";
				TargetAttributes = {
					291F7B8B1D40E6DB0024374A = {
						CreatedOnToolsVersion = 7.3.1;
					};
				};
			};
			buildConfigurationList = 291F7B871D40E6DB0024374A /* Build configuration list for PBXProject "Demo" */;
			compatibilityVersion = "Xcode 3.2";
			developmentRegion = English;
			hasScannedForEncodings = 0;
			knownRegions = (
				en,
				Base,
			);
			mainGroup = 291F7B831D40E6DB0024374A;
			productRefGroup = 291F7B8D1D40E6DB0024374A /* Products */;
			projectDirPath = "";
			projectRoot = "";
			targets = (
				291F7B8B1D40E6DB0024374A /* Demo */,
			);
		};
/* End PBXProject section */

/* Begin PBXResourcesBuildPhase section */
		291F7B8A1D40E6DB0024374A /* Resources */ = {
			isa = PBXResourcesBuildPhase;
			buildActionMask = 2147483647;
			files = (
				291F7BAD1D40E70A0024374A /* Info.plist in Resources */,
				291F7BAC1D40E70A0024374A /* Main.storyboard in Resources */,
				291F7BAA1D40E70A0024374A /* Assets.xcassets in Resources */,
				291F7BAB1D40E70A0024374A /* LaunchScreen.storyboard in Resources */,
			);
			runOnlyForDeploymentPostprocessing = 0;
		};
/* End PBXResourcesBuildPhase section */

/* Begin PBXSourcesBuildPhase section */
		291F7B881D40E6DB0024374A /* Sources */ = {
			isa = PBXSourcesBuildPhase;
			buildActionMask = 2147483647;
			files = (
				291F7BCD1D40E7FE0024374A /* ScrollingFollowView.swift in Sources */,
				291F7BB01D40E76A0024374A /* ViewController.swift in Sources */,
				291F7BA91D40E70A0024374A /* AppDelegate.swift in Sources */,
			);
			runOnlyForDeploymentPostprocessing = 0;
		};
/* End PBXSourcesBuildPhase section */

/* Begin PBXVariantGroup section */
		291F7BA31D40E70A0024374A /* LaunchScreen.storyboard */ = {
			isa = PBXVariantGroup;
			children = (
				291F7BA41D40E70A0024374A /* Base */,
			);
			name = LaunchScreen.storyboard;
			sourceTree = "<group>";
		};
		291F7BA51D40E70A0024374A /* Main.storyboard */ = {
			isa = PBXVariantGroup;
			children = (
				291F7BA61D40E70A0024374A /* Base */,
			);
			name = Main.storyboard;
			sourceTree = "<group>";
		};
/* End PBXVariantGroup section */

/* Begin XCBuildConfiguration section */
		291F7B9C1D40E6DB0024374A /* Debug */ = {
			isa = XCBuildConfiguration;
			buildSettings = {
				ALWAYS_SEARCH_USER_PATHS = NO;
				CLANG_ANALYZER_NONNULL = YES;
				CLANG_CXX_LANGUAGE_STANDARD = "gnu++0x";
				CLANG_CXX_LIBRARY = "libc++";
				CLANG_ENABLE_MODULES = YES;
				CLANG_ENABLE_OBJC_ARC = YES;
				CLANG_WARN_BOOL_CONVERSION = YES;
				CLANG_WARN_CONSTANT_CONVERSION = YES;
				CLANG_WARN_DIRECT_OBJC_ISA_USAGE = YES_ERROR;
				CLANG_WARN_EMPTY_BODY = YES;
				CLANG_WARN_ENUM_CONVERSION = YES;
				CLANG_WARN_INT_CONVERSION = YES;
				CLANG_WARN_OBJC_ROOT_CLASS = YES_ERROR;
				CLANG_WARN_UNREACHABLE_CODE = YES;
				CLANG_WARN__DUPLICATE_METHOD_MATCH = YES;
				"CODE_SIGN_IDENTITY[sdk=iphoneos*]" = "iPhone Developer";
				COPY_PHASE_STRIP = NO;
				DEBUG_INFORMATION_FORMAT = dwarf;
				ENABLE_STRICT_OBJC_MSGSEND = YES;
				ENABLE_TESTABILITY = YES;
				GCC_C_LANGUAGE_STANDARD = gnu99;
				GCC_DYNAMIC_NO_PIC = NO;
				GCC_NO_COMMON_BLOCKS = YES;
				GCC_OPTIMIZATION_LEVEL = 0;
				GCC_PREPROCESSOR_DEFINITIONS = (
					"DEBUG=1",
					"$(inherited)",
				);
				GCC_WARN_64_TO_32_BIT_CONVERSION = YES;
				GCC_WARN_ABOUT_RETURN_TYPE = YES_ERROR;
				GCC_WARN_UNDECLARED_SELECTOR = YES;
				GCC_WARN_UNINITIALIZED_AUTOS = YES_AGGRESSIVE;
				GCC_WARN_UNUSED_FUNCTION = YES;
				GCC_WARN_UNUSED_VARIABLE = YES;
				IPHONEOS_DEPLOYMENT_TARGET = 9.3;
				MTL_ENABLE_DEBUG_INFO = YES;
				ONLY_ACTIVE_ARCH = YES;
				SDKROOT = iphoneos;
				SWIFT_OPTIMIZATION_LEVEL = "-Onone";
			};
			name = Debug;
		};
		291F7B9D1D40E6DB0024374A /* Release */ = {
			isa = XCBuildConfiguration;
			buildSettings = {
				ALWAYS_SEARCH_USER_PATHS = NO;
				CLANG_ANALYZER_NONNULL = YES;
				CLANG_CXX_LANGUAGE_STANDARD = "gnu++0x";
				CLANG_CXX_LIBRARY = "libc++";
				CLANG_ENABLE_MODULES = YES;
				CLANG_ENABLE_OBJC_ARC = YES;
				CLANG_WARN_BOOL_CONVERSION = YES;
				CLANG_WARN_CONSTANT_CONVERSION = YES;
				CLANG_WARN_DIRECT_OBJC_ISA_USAGE = YES_ERROR;
				CLANG_WARN_EMPTY_BODY = YES;
				CLANG_WARN_ENUM_CONVERSION = YES;
				CLANG_WARN_INT_CONVERSION = YES;
				CLANG_WARN_OBJC_ROOT_CLASS = YES_ERROR;
				CLANG_WARN_UNREACHABLE_CODE = YES;
				CLANG_WARN__DUPLICATE_METHOD_MATCH = YES;
				"CODE_SIGN_IDENTITY[sdk=iphoneos*]" = "iPhone Developer";
				COPY_PHASE_STRIP = NO;
				DEBUG_INFORMATION_FORMAT = "dwarf-with-dsym";
				ENABLE_NS_ASSERTIONS = NO;
				ENABLE_STRICT_OBJC_MSGSEND = YES;
				GCC_C_LANGUAGE_STANDARD = gnu99;
				GCC_NO_COMMON_BLOCKS = YES;
				GCC_WARN_64_TO_32_BIT_CONVERSION = YES;
				GCC_WARN_ABOUT_RETURN_TYPE = YES_ERROR;
				GCC_WARN_UNDECLARED_SELECTOR = YES;
				GCC_WARN_UNINITIALIZED_AUTOS = YES_AGGRESSIVE;
				GCC_WARN_UNUSED_FUNCTION = YES;
				GCC_WARN_UNUSED_VARIABLE = YES;
				IPHONEOS_DEPLOYMENT_TARGET = 9.3;
				MTL_ENABLE_DEBUG_INFO = NO;
				SDKROOT = iphoneos;
				VALIDATE_PRODUCT = YES;
			};
			name = Release;
		};
		291F7B9F1D40E6DB0024374A /* Debug */ = {
			isa = XCBuildConfiguration;
			buildSettings = {
				ASSETCATALOG_COMPILER_APPICON_NAME = AppIcon;
				CLANG_ENABLE_MODULES = YES;
				INFOPLIST_FILE = Demo/Info.plist;
				LD_RUNPATH_SEARCH_PATHS = "$(inherited) @executable_path/Frameworks";
				PRODUCT_BUNDLE_IDENTIFIER = com.ktanaka.Demo;
				PRODUCT_NAME = "$(TARGET_NAME)";
				SWIFT_OPTIMIZATION_LEVEL = "-Onone";
			};
			name = Debug;
		};
		291F7BA01D40E6DB0024374A /* Release */ = {
			isa = XCBuildConfiguration;
			buildSettings = {
				ASSETCATALOG_COMPILER_APPICON_NAME = AppIcon;
				CLANG_ENABLE_MODULES = YES;
				INFOPLIST_FILE = Demo/Info.plist;
				LD_RUNPATH_SEARCH_PATHS = "$(inherited) @executable_path/Frameworks";
				PRODUCT_BUNDLE_IDENTIFIER = com.ktanaka.Demo;
				PRODUCT_NAME = "$(TARGET_NAME)";
			};
			name = Release;
		};
/* End XCBuildConfiguration section */

/* Begin XCConfigurationList section */
		291F7B871D40E6DB0024374A /* Build configuration list for PBXProject "Demo" */ = {
			isa = XCConfigurationList;
			buildConfigurations = (
				291F7B9C1D40E6DB0024374A /* Debug */,
				291F7B9D1D40E6DB0024374A /* Release */,
			);
			defaultConfigurationIsVisible = 0;
			defaultConfigurationName = Release;
		};
		291F7B9E1D40E6DB0024374A /* Build configuration list for PBXNativeTarget "Demo" */ = {
			isa = XCConfigurationList;
			buildConfigurations = (
				291F7B9F1D40E6DB0024374A /* Debug */,
				291F7BA01D40E6DB0024374A /* Release */,
			);
			defaultConfigurationIsVisible = 0;
		};
/* End XCConfigurationList section */
	};
	rootObject = 291F7B841D40E6DB0024374A /* Project object */;
}
